{"_meta":{"file-type":"spack-lockfile","lockfile-version":6,"specfile-version":5},"spack":{"version":"1.2.1","type":"git","commit":"2f80bed397c15a7f04607051315ea56881351ce4"},"roots":[{"hash":"sstpzafq4dhloqidknvjbt42xkvpg3db","spec":"mumps+mpi+openmp+shared"},{"hash":"5gfot6xd43valndkvbzmdhellz5ampsn","spec":"hypre+mpi"}],"concrete_specs":{"sstpzafq4dhloqidknvjbt42xkvpg3db":{"name":"mumps","version":"5.8.0","arch":{"platform":"linux","platform_os":"sles15","target":{"name":"neoverse_v2","vendor":"ARM","features":["aes","asimd","asimddp","asimdfhm","asimdhp","asimdrdm","atomics","bf16","cpuid","crc32","dcpodp","dcpop","evtstrm","fcma","flagm","flagm2","fp","fphp","frint","i8mm","ilrcpc","jscvt","lrcpc","pmull","sb","sha1","sha2","sha3","sha512","sve","sve2","svebf16","svei8mm","uscat"],"generation":0,"parents":["neoverse_n1","armv9.0a"],"cpupart":"0xd4f"}},"namespace":"builtin","parameters":{"blr_mt":false,"build_system":"generic","complex":true,"double":true,"float":true,"incfort":false,"int64":false,"metis":false,"mpi":true,"openmp":true,"parmetis":false,"patches":["14f0694f7626766db56378a57e68fdfae2a7d8bcece9d549d9bccca00c338bac"],"ptscotch":false,"scotch":false,"shared":true,"cflags":[],"cppflags":[],"cxxflags":[],"fflags":[],"ldflags":[],"ldlibs":[]},"patches":["14f0694f7626766db56378a57e68fdfae2a7d8bcece9d549d9bccca00c338bac"],"package_hash":"soi4kyy3nlsnm4aygjrg2laazezm6ui57knxklcn5ilkzixuqo3q====","dependencies":[{"name":"compiler-wrapper","hash":"hcns3gf4fa4iafl5xwdpt3u57oyxxvb2","parameters":{"deptypes":["build"],"virtuals":[]}},{"name":"cray-libsci","hash":"6tevabkfakpce6fodkhsrkcg7634gqye","parameters":{"deptypes":["build","link"],"virtuals":["blas","lapack","scalapack"]}},{"name":"cray-mpich","hash":"otbj3aljsxtp4nqsjrjqlxnkkoml3m3k","parameters":{"deptypes":["build","link"],"virtuals":["mpi"]}},{"name":"gcc","hash":"gexxrddfwiud5gujufvzwaqbmafk53d2","parameters":{"deptypes":["build"],"virtuals":["c","fortran"]}},{"name":"gcc-runtime","hash":"mzrf2wjxxbcl4msixo2ja7ve2hko6cmh","parameters":{"deptypes":["link"],"virtuals":["fortran-rt","libgfortran"]}},{"name":"glibc","hash":"6lml6mdjvnzrm7dozleh5xskqfrmg76d","parameters":{"deptypes":["link"],"virtuals":["libc"]}},{"name":"gmake","hash":"fx3rfszk7l66tfy3irxokvtqs3nd3gw2","parameters":{"deptypes":["build"],"virtuals":[]}}],"annotations":{"original_specfile_version":5},"hash":"sstpzafq4dhloqidknvjbt42xkvpg3db"},"hcns3gf4fa4iafl5xwdpt3u57oyxxvb2":{"name":"compiler-wrapper","version":"1.0","arch":{"platform":"linux","platform_os":"sles15","target":{"name":"neoverse_v2","vendor":"ARM","features":["aes","asimd","asimddp","asimdfhm","asimdhp","asimdrdm","atomics","bf16","cpuid","crc32","dcpodp","dcpop","evtstrm","fcma","flagm","flagm2","fp","fphp","frint","i8mm","ilrcpc","jscvt","lrcpc","pmull","sb","sha1","sha2","sha3","sha512","sve","sve2","svebf16","svei8mm","uscat"],"generation":0,"parents":["neoverse_n1","armv9.0a"],"cpupart":"0xd4f"}},"namespace":"builtin","parameters":{"build_system":"generic","cflags":[],"cppflags":[],"cxxflags":[],"fflags":[],"ldflags":[],"ldlibs":[]},"package_hash":"vohu4wrffrhvsd4padcnlwdcmpwpqei4nzeytzsmkgxsl4cslfxq====","annotations":{"original_specfile_version":5},"hash":"hcns3gf4fa4iafl5xwdpt3u57oyxxvb2"},"6tevabkfakpce6fodkhsrkcg7634gqye":{"name":"cray-libsci","version":"24.07.0","arch":{"platform":"linux","platform_os":"sles15","target":{"name":"neoverse_v2","vendor":"ARM","features":["aes","asimd","asimddp","asimdfhm","asimdhp","asimdrdm","atomics","bf16","cpuid","crc32","dcpodp","dcpop","evtstrm","fcma","flagm","flagm2","fp","fphp","frint","i8mm","ilrcpc","jscvt","lrcpc","pmull","sb","sha1","sha2","sha3","sha512","sve","sve2","svebf16","svei8mm","uscat"],"generation":0,"parents":["neoverse_n1","armv9.0a"],"cpupart":"0xd4f"}},"namespace":"builtin","parameters":{"build_system":"generic","mpi":true,"openmp":true,"shared":true,"cflags":[],"cppflags":[],"cxxflags":[],"fflags":[],"ldflags":[],"ldlibs":[]},"external":{"path":"/opt/cray/pe/libsci/24.07.0/GNU/12.3/aarch64","module":["cray-libsci/24.07.0"],"extra_attributes":{}},"package_hash":"lhmfwvbp7wk73a6ueq3mkkth65aqgwu255233ojss42eti7byqsa====","annotations":{"original_specfile_version":5},"hash":"6tevabkfakpce6fodkhsrkcg7634gqye"},"otbj3aljsxtp4nqsjrjqlxnkkoml3m3k":{"name":"cray-mpich","version":"8.1.30","arch":{"platform":"linux","platform_os":"sles15","target":{"name":"neoverse_v2","vendor":"ARM","features":["aes","asimd","asimddp","asimdfhm","asimdhp","asimdrdm","atomics","bf16","cpuid","crc32","dcpodp","dcpop","evtstrm","fcma","flagm","flagm2","fp","fphp","frint","i8mm","ilrcpc","jscvt","lrcpc","pmull","sb","sha1","sha2","sha3","sha512","sve","sve2","svebf16","svei8mm","uscat"],"generation":0,"parents":["neoverse_n1","armv9.0a"],"cpupart":"0xd4f"}},"namespace":"builtin","parameters":{"build_system":"generic","cuda":false,"rocm":false,"wrappers":true,"cflags":[],"cppflags":[],"cxxflags":[],"fflags":[],"ldflags":[],"ldlibs":[]},"external":{"path":"/opt/cray/pe/mpich/8.1.30/ofi/gnu/12.3","module":["cray-mpich/8.1.30"],"extra_attributes":{}},"package_hash":"pl5j7x54myzphbbdgaau5o4boxdvg6cxeogo44rh4df5hljqzyta====","annotations":{"original_specfile_version":5},"hash":"otbj3aljsxtp4nqsjrjqlxnkkoml3m3k"},"gexxrddfwiud5gujufvzwaqbmafk53d2":{"name":"gcc","version":"13.2.1","arch":{"platform":"linux","platform_os":"sles15","target":{"name":"neoverse_v2","vendor":"ARM","features":["aes","asimd","asimddp","asimdfhm","asimdhp","asimdrdm","atomics","bf16","cpuid","crc32","dcpodp","dcpop","evtstrm","fcma","flagm","flagm2","fp","fphp","frint","i8mm","ilrcpc","jscvt","lrcpc","pmull","sb","sha1","sha2","sha3","sha512","sve","sve2","svebf16","svei8mm","uscat"],"generation":0,"parents":["neoverse_n1","armv9.0a"],"cpupart":"0xd4f"}},"namespace":"builtin","parameters":{"binutils":false,"bootstrap":true,"build_system":"autotools","build_type":"RelWithDebInfo","graphite":false,"languages":["c","c++","fortran"],"mold":false,"nvptx":false,"piclibs":false,"profiled":false,"strip":false,"cflags":[],"cppflags":[],"cxxflags":[],"fflags":[],"ldflags":[],"ldlibs":[]},"external":{"path":"/opt/cray/pe/gcc-native/13","module":null,"extra_attributes":{"compilers":{"c":"/opt/cray/pe/gcc-native/13/bin/gcc","cxx":"/opt/cray/pe/gcc-native/13/bin/g++","fortran":"/opt/cray/pe/gcc-native/13/bin/gfortran"}}},"package_hash":"vd2hj7k5p5g5zhyasks7njt7ntsjtqmgchy74eb5tti6sfagdiwa====","annotations":{"original_specfile_version":5},"hash":"gexxrddfwiud5gujufvzwaqbmafk53d2"},"mzrf2wjxxbcl4msixo2ja7ve2hko6cmh":{"name":"gcc-runtime","version":"13.2.1","arch":{"platform":"linux","platform_os":"sles15","target":{"name":"neoverse_v2","vendor":"ARM","features":["aes","asimd","asimddp","asimdfhm","asimdhp","asimdrdm","atomics","bf16","cpuid","crc32","dcpodp","dcpop","evtstrm","fcma","flagm","flagm2","fp","fphp","frint","i8mm","ilrcpc","jscvt","lrcpc","pmull","sb","sha1","sha2","sha3","sha512","sve","sve2","svebf16","svei8mm","uscat"],"generation":0,"parents":["neoverse_n1","armv9.0a"],"cpupart":"0xd4f"}},"namespace":"builtin","parameters":{"build_system":"generic","cflags":[],"cppflags":[],"cxxflags":[],"fflags":[],"ldflags":[],"ldlibs":[]},"package_hash":"q2rk2ibjyixyovjks3huspa2gqfkl7b2q2l4efx54262chl3icjq====","dependencies":[{"name":"gcc","hash":"gexxrddfwiud5gujufvzwaqbmafk53d2","parameters":{"deptypes":["build"],"virtuals":[]}},{"name":"glibc","hash":"6lml6mdjvnzrm7dozleh5xskqfrmg76d","parameters":{"deptypes":["link"],"virtuals":["libc"]}}],"annotations":{"original_specfile_version":5},"hash":"mzrf2wjxxbcl4msixo2ja7ve2hko6cmh"},"6lml6mdjvnzrm7dozleh5xskqfrmg76d":{"name":"glibc","version":"2.31","arch":{"platform":"linux","platform_os":"sles15","target":{"name":"neoverse_v2","vendor":"ARM","features":["aes","asimd","asimddp","asimdfhm","asimdhp","asimdrdm","atomics","bf16","cpuid","crc32","dcpodp","dcpop","evtstrm","fcma","flagm","flagm2","fp","fphp","frint","i8mm","ilrcpc","jscvt","lrcpc","pmull","sb","sha1","sha2","sha3","sha512","sve","sve2","svebf16","svei8mm","uscat"],"generation":0,"parents":["neoverse_n1","armv9.0a"],"cpupart":"0xd4f"}},"namespace":"builtin","parameters":{"build_system":"autotools","cflags":[],"cppflags":[],"cxxflags":[],"fflags":[],"ldflags":[],"ldlibs":[]},"external":{"path":"/usr","module":null,"extra_attributes":{}},"package_hash":"o47faot7dkmejg7lryk42icuqwzevgs223ruatwbr4nn34ebthwa====","annotations":{"original_specfile_version":5},"hash":"6lml6mdjvnzrm7dozleh5xskqfrmg76d"},"fx3rfszk7l66tfy3irxokvtqs3nd3gw2":{"name":"gmake","version":"4.4.1","arch":{"platform":"linux","platform_os":"sles15","target":{"name":"neoverse_v2","vendor":"ARM","features":["aes","asimd","asimddp","asimdfhm","asimdhp","asimdrdm","atomics","bf16","cpuid","crc32","dcpodp","dcpop","evtstrm","fcma","flagm","flagm2","fp","fphp","frint","i8mm","ilrcpc","jscvt","lrcpc","pmull","sb","sha1","sha2","sha3","sha512","sve","sve2","svebf16","svei8mm","uscat"],"generation":0,"parents":["neoverse_n1","armv9.0a"],"cpupart":"0xd4f"}},"namespace":"builtin","parameters":{"build_system":"generic","guile":false,"cflags":[],"cppflags":[],"cxxflags":[],"fflags":[],"ldflags":[],"ldlibs":[]},"package_hash":"h2dsagusnktgdqtmrkidm6otgpj3lzpu4yczjxl77l5i3ckinszq====","dependencies":[{"name":"compiler-wrapper","hash":"hcns3gf4fa4iafl5xwdpt3u57oyxxvb2","parameters":{"deptypes":["build"],"virtuals":[]}},{"name":"gcc","hash":"gexxrddfwiud5gujufvzwaqbmafk53d2","parameters":{"deptypes":["build"],"virtuals":["c"]}},{"name":"gcc-runtime","hash":"mzrf2wjxxbcl4msixo2ja7ve2hko6cmh","parameters":{"deptypes":["link"],"virtuals":[]}},{"name":"glibc","hash":"6lml6mdjvnzrm7dozleh5xskqfrmg76d","parameters":{"deptypes":["link"],"virtuals":["libc"]}}],"annotations":{"original_specfile_version":5},"hash":"fx3rfszk7l66tfy3irxokvtqs3nd3gw2"},"5gfot6xd43valndkvbzmdhellz5ampsn":{"name":"hypre","version":"2.33.0","arch":{"platform":"linux","platform_os":"sles15","target":{"name":"neoverse_v2","vendor":"ARM","features":["aes","asimd","asimddp","asimdfhm","asimdhp","asimdrdm","atomics","bf16","cpuid","crc32","dcpodp","dcpop","evtstrm","fcma","flagm","flagm2","fp","fphp","frint","i8mm","ilrcpc","jscvt","lrcpc","pmull","sb","sha1","sha2","sha3","sha512","sve","sve2","svebf16","svei8mm","uscat"],"generation":0,"parents":["neoverse_n1","armv9.0a"],"cpupart":"0xd4f"}},"namespace":"builtin","parameters":{"build_system":"autotools","caliper":false,"complex":false,"cuda":false,"debug":false,"fortran":true,"gptune":false,"gpu-aware-mpi":false,"gpu-profiling":false,"int64":false,"internal-superlu":false,"lapack":true,"magma":false,"mixedint":false,"mpi":true,"openmp":false,"precision":"double","rocm":false,"shared":true,"superlu-dist":false,"sycl":false,"umpire":false,"unified-memory":false,"cflags":[],"cppflags":[],"cxxflags":[],"fflags":[],"ldflags":[],"ldlibs":[]},"package_hash":"mcaatkerffuxvtzqnj5tp6c3n3txohgcg6lxt56stlhgtos6rmqa====","dependencies":[{"name":"compiler-wrapper","hash":"hcns3gf4fa4iafl5xwdpt3u57oyxxvb2","parameters":{"deptypes":["build"],"virtuals":[]}},{"name":"cray-libsci","hash":"6tevabkfakpce6fodkhsrkcg7634gqye","parameters":{"deptypes":["build","link"],"virtuals":["blas","lapack"]}},{"name":"cray-mpich","hash":"otbj3aljsxtp4nqsjrjqlxnkkoml3m3k","parameters":{"deptypes":["build","link"],"virtuals":["mpi"]}},{"name":"gcc","hash":"gexxrddfwiud5gujufvzwaqbmafk53d2","parameters":{"deptypes":["build"],"virtuals":["c","fortran"]}},{"name":"gcc-runtime","hash":"mzrf2wjxxbcl4msixo2ja7ve2hko6cmh","parameters":{"deptypes":["link"],"virtuals":["fortran-rt","libgfortran"]}},{"name":"glibc","hash":"6lml6mdjvnzrm7dozleh5xskqfrmg76d","parameters":{"deptypes":["link"],"virtuals":["libc"]}},{"name":"gmake","hash":"fx3rfszk7l66tfy3irxokvtqs3nd3gw2","parameters":{"deptypes":["build"],"virtuals":[]}},{"name":"gnuconfig","hash":"3uhzjpc42gdxui742cagee4lvijkagy5","parameters":{"deptypes":["build"],"virtuals":[]}}],"annotations":{"original_specfile_version":5},"hash":"5gfot6xd43valndkvbzmdhellz5ampsn"},"3uhzjpc42gdxui742cagee4lvijkagy5":{"name":"gnuconfig","version":"2024-07-27","arch":{"platform":"linux","platform_os":"sles15","target":{"name":"neoverse_v2","vendor":"ARM","features":["aes","asimd","asimddp","asimdfhm","asimdhp","asimdrdm","atomics","bf16","cpuid","crc32","dcpodp","dcpop","evtstrm","fcma","flagm","flagm2","fp","fphp","frint","i8mm","ilrcpc","jscvt","lrcpc","pmull","sb","sha1","sha2","sha3","sha512","sve","sve2","svebf16","svei8mm","uscat"],"generation":0,"parents":["neoverse_n1","armv9.0a"],"cpupart":"0xd4f"}},"namespace":"builtin","parameters":{"build_system":"generic","cflags":[],"cppflags":[],"cxxflags":[],"fflags":[],"ldflags":[],"ldlibs":[]},"package_hash":"c4aivsfe3sgzfvb3vnj5erotlnn63hs5v42742nr5zudezjhiuqq====","annotations":{"original_specfile_version":5},"hash":"3uhzjpc42gdxui742cagee4lvijkagy5"}}}